// !$*UTF8*$!
{
	archiveVersion = 1;
	classes = {
	};
	objectVersion = 46;
	objects = {

/* Begin PBXBuildFile section */
		77010766183E010D00AAF564 /* StarButton.m in Sources */ = {isa = PBXBuildFile; fileRef = 77010765183E010D00AAF564 /* StarButton.m */; };
		77010769183E0FB500AAF564 /* BridgeButton.m in Sources */ = {isa = PBXBuildFile; fileRef = 77010768183E0FB500AAF564 /* BridgeButton.m */; };
		7701076C183E0FFB00AAF564 /* Bridge.m in Sources */ = {isa = PBXBuildFile; fileRef = 7701076B183E0FFB00AAF564 /* Bridge.m */; };
		7705C3A718477A4600CEB0C9 /* BigLWalk.atlasc in Resources */ = {isa = PBXBuildFile; fileRef = 7705C3A518477A4600CEB0C9 /* BigLWalk.atlasc */; };
		7797AC36183CE9F500E63E95 /* Box.png in Resources */ = {isa = PBXBuildFile; fileRef = 7797AC1F183CE9F500E63E95 /* Box.png */; };
		7797AC38183CE9F500E63E95 /* BridgeON.png in Resources */ = {isa = PBXBuildFile; fileRef = 7797AC21183CE9F500E63E95 /* BridgeON.png */; };
		7797AC3B183CE9F500E63E95 /* ButtonON.png in Resources */ = {isa = PBXBuildFile; fileRef = 7797AC24183CE9F500E63E95 /* ButtonON.png */; };
		7797AC3C183CE9F500E63E95 /* Finish.png in Resources */ = {isa = PBXBuildFile; fileRef = 7797AC25183CE9F500E63E95 /* Finish.png */; };
		7797AC3D183CE9F500E63E95 /* Rock.png in Resources */ = {isa = PBXBuildFile; fileRef = 7797AC26183CE9F500E63E95 /* Rock.png */; };
		7797AC3E183CE9F500E63E95 /* Star.png in Resources */ = {isa = PBXBuildFile; fileRef = 7797AC27183CE9F500E63E95 /* Star.png */; };
		7797AC3F183CE9F500E63E95 /* Start.gif in Resources */ = {isa = PBXBuildFile; fileRef = 7797AC28183CE9F500E63E95 /* Start.gif */; };
		7797AC41183CE9F500E63E95 /* SwitchON.png in Resources */ = {isa = PBXBuildFile; fileRef = 7797AC2A183CE9F500E63E95 /* SwitchON.png */; };
		7797AC42183CE9F500E63E95 /* Background.png in Resources */ = {isa = PBXBuildFile; fileRef = 7797AC2C183CE9F500E63E95 /* Background.png */; };
		7797AC43183CE9F500E63E95 /* Cracked.png in Resources */ = {isa = PBXBuildFile; fileRef = 7797AC2E183CE9F500E63E95 /* Cracked.png */; };
		7797AC45183CE9F500E63E95 /* solidtile.png in Resources */ = {isa = PBXBuildFile; fileRef = 7797AC30183CE9F500E63E95 /* solidtile.png */; };
		7797AC46183CE9F500E63E95 /* voidtile.png in Resources */ = {isa = PBXBuildFile; fileRef = 7797AC31183CE9F500E63E95 /* voidtile.png */; };
		7797AC47183CE9F500E63E95 /* Alien.png in Resources */ = {isa = PBXBuildFile; fileRef = 7797AC33183CE9F500E63E95 /* Alien.png */; };
		7797AC48183CE9F500E63E95 /* Astronaut.png in Resources */ = {isa = PBXBuildFile; fileRef = 7797AC34183CE9F500E63E95 /* Astronaut.png */; };
		779DB365183E32030059A084 /* PlatformLever.m in Sources */ = {isa = PBXBuildFile; fileRef = 779DB364183E32030059A084 /* PlatformLever.m */; };
		779DB368183E32560059A084 /* MovingPlatform.m in Sources */ = {isa = PBXBuildFile; fileRef = 779DB367183E32560059A084 /* MovingPlatform.m */; };
		779EF6A7183F608C0097441A /* MovingPlatform.png in Resources */ = {isa = PBXBuildFile; fileRef = 779EF6A6183F608C0097441A /* MovingPlatform.png */; };
		77D60727184373F40079A182 /* AlienDown.png in Resources */ = {isa = PBXBuildFile; fileRef = 77D60721184373F40079A182 /* AlienDown.png */; };
		77D60728184373F40079A182 /* AlienLeft.png in Resources */ = {isa = PBXBuildFile; fileRef = 77D60722184373F40079A182 /* AlienLeft.png */; };
		77D60729184373F40079A182 /* AlienRight.png in Resources */ = {isa = PBXBuildFile; fileRef = 77D60723184373F40079A182 /* AlienRight.png */; };
		77D6072A184373F40079A182 /* AlienUp.png in Resources */ = {isa = PBXBuildFile; fileRef = 77D60724184373F40079A182 /* AlienUp.png */; };
		77D6072B184373F40079A182 /* AstroDown.png in Resources */ = {isa = PBXBuildFile; fileRef = 77D60725184373F40079A182 /* AstroDown.png */; };
		77D6072C184373F40079A182 /* AstroLeft.png in Resources */ = {isa = PBXBuildFile; fileRef = 77D60726184373F40079A182 /* AstroLeft.png */; };
		77D6072F184374030079A182 /* AstroRight.png in Resources */ = {isa = PBXBuildFile; fileRef = 77D6072D184374030079A182 /* AstroRight.png */; };
		77D60730184374030079A182 /* AstroUp.png in Resources */ = {isa = PBXBuildFile; fileRef = 77D6072E184374030079A182 /* AstroUp.png */; };
		77F0A81C1845FF28002FA17A /* AnimationFactory.m in Sources */ = {isa = PBXBuildFile; fileRef = 77F0A81B1845FF28002FA17A /* AnimationFactory.m */; };
		77F0A82318464495002FA17A /* LittleJohnWalk.atlasc in Resources */ = {isa = PBXBuildFile; fileRef = 77F0A82118464495002FA17A /* LittleJohnWalk.atlasc */; };
		E6057677183619120033AE88 /* Box.m in Sources */ = {isa = PBXBuildFile; fileRef = E6057676183619120033AE88 /* Box.m */; };
		E60C6A01183B94F000D6FA14 /* Star.m in Sources */ = {isa = PBXBuildFile; fileRef = E60C6A00183B94F000D6FA14 /* Star.m */; };
		E60C6A0A183BB19F00D6FA14 /* Player.m in Sources */ = {isa = PBXBuildFile; fileRef = E60C6A09183BB19F00D6FA14 /* Player.m */; };
		E60DA7761848A1370088AB3D /* Bridge.png in Resources */ = {isa = PBXBuildFile; fileRef = E60DA7751848A1370088AB3D /* Bridge.png */; };
		E60DA7781848A1880088AB3D /* PlatformLever.png in Resources */ = {isa = PBXBuildFile; fileRef = E60DA7771848A1880088AB3D /* PlatformLever.png */; };
		E60DA77B1848A2350088AB3D /* BridgeButton.png in Resources */ = {isa = PBXBuildFile; fileRef = E60DA7791848A2350088AB3D /* BridgeButton.png */; };
		E60DA77C1848A2350088AB3D /* StarButton.png in Resources */ = {isa = PBXBuildFile; fileRef = E60DA77A1848A2350088AB3D /* StarButton.png */; };
		E6214055182BA53800EC5C21 /* Foundation.framework in Frameworks */ = {isa = PBXBuildFile; fileRef = E6214054182BA53800EC5C21 /* Foundation.framework */; };
		E6214057182BA53800EC5C21 /* CoreGraphics.framework in Frameworks */ = {isa = PBXBuildFile; fileRef = E6214056182BA53800EC5C21 /* CoreGraphics.framework */; };
		E6214059182BA53800EC5C21 /* UIKit.framework in Frameworks */ = {isa = PBXBuildFile; fileRef = E6214058182BA53800EC5C21 /* UIKit.framework */; };
		E621405B182BA53800EC5C21 /* SpriteKit.framework in Frameworks */ = {isa = PBXBuildFile; fileRef = E621405A182BA53800EC5C21 /* SpriteKit.framework */; };
		E6214061182BA53800EC5C21 /* InfoPlist.strings in Resources */ = {isa = PBXBuildFile; fileRef = E621405F182BA53800EC5C21 /* InfoPlist.strings */; };
		E6214063182BA53800EC5C21 /* main.m in Sources */ = {isa = PBXBuildFile; fileRef = E6214062182BA53800EC5C21 /* main.m */; };
		E6214067182BA53800EC5C21 /* GViewAppDelegate.m in Sources */ = {isa = PBXBuildFile; fileRef = E6214066182BA53800EC5C21 /* GViewAppDelegate.m */; };
		E621406A182BA53800EC5C21 /* Main.storyboard in Resources */ = {isa = PBXBuildFile; fileRef = E6214068182BA53800EC5C21 /* Main.storyboard */; };
		E621406D182BA53800EC5C21 /* SpacePuzzleController.m in Sources */ = {isa = PBXBuildFile; fileRef = E621406C182BA53800EC5C21 /* SpacePuzzleController.m */; };
		E6214070182BA53800EC5C21 /* MainScene.m in Sources */ = {isa = PBXBuildFile; fileRef = E621406F182BA53800EC5C21 /* MainScene.m */; };
		E6214074182BA53800EC5C21 /* Images.xcassets in Resources */ = {isa = PBXBuildFile; fileRef = E6214073182BA53800EC5C21 /* Images.xcassets */; };
		E621407B182BA53800EC5C21 /* XCTest.framework in Frameworks */ = {isa = PBXBuildFile; fileRef = E621407A182BA53800EC5C21 /* XCTest.framework */; };
		E621407C182BA53800EC5C21 /* Foundation.framework in Frameworks */ = {isa = PBXBuildFile; fileRef = E6214054182BA53800EC5C21 /* Foundation.framework */; };
		E621407D182BA53800EC5C21 /* UIKit.framework in Frameworks */ = {isa = PBXBuildFile; fileRef = E6214058182BA53800EC5C21 /* UIKit.framework */; };
		E6214085182BA53800EC5C21 /* InfoPlist.strings in Resources */ = {isa = PBXBuildFile; fileRef = E6214083182BA53800EC5C21 /* InfoPlist.strings */; };
		E6214087182BA53800EC5C21 /* SpacePuzzleTests.m in Sources */ = {isa = PBXBuildFile; fileRef = E6214086182BA53800EC5C21 /* SpacePuzzleTests.m */; };
		E633067A1835018A00E908F7 /* XMLParser.m in Sources */ = {isa = PBXBuildFile; fileRef = E63306791835018A00E908F7 /* XMLParser.m */; };
		E687AE4D183A43EB00A5B78C /* mario.splvl in Resources */ = {isa = PBXBuildFile; fileRef = E687AE4C183A43EB00A5B78C /* mario.splvl */; };
		E6E657FE182BB8C50022BF5F /* Board.m in Sources */ = {isa = PBXBuildFile; fileRef = E6E657FD182BB8C50022BF5F /* Board.m */; };
		E6E65801182BB9020022BF5F /* Position.m in Sources */ = {isa = PBXBuildFile; fileRef = E6E65800182BB9020022BF5F /* Position.m */; };
		E6E65804182BBAB30022BF5F /* BoardCoord.m in Sources */ = {isa = PBXBuildFile; fileRef = E6E65803182BBAB30022BF5F /* BoardCoord.m */; };
		E6E6580B182BC2CE0022BF5F /* Element.m in Sources */ = {isa = PBXBuildFile; fileRef = E6E6580A182BC2CE0022BF5F /* Element.m */; };
		E6E6580E182BC3C50022BF5F /* BigL.m in Sources */ = {isa = PBXBuildFile; fileRef = E6E6580D182BC3C50022BF5F /* BigL.m */; };
		E6E65815182BC82E0022BF5F /* LittleJohn.m in Sources */ = {isa = PBXBuildFile; fileRef = E6E65814182BC82E0022BF5F /* LittleJohn.m */; };
		E6E65819182BC9390022BF5F /* Unit.m in Sources */ = {isa = PBXBuildFile; fileRef = E6E65818182BC9390022BF5F /* Unit.m */; };
		E6E6581C182BCD660022BF5F /* Converter.m in Sources */ = {isa = PBXBuildFile; fileRef = E6E6581B182BCD660022BF5F /* Converter.m */; };
		E6FB7DC1184505B10075E460 /* Path.m in Sources */ = {isa = PBXBuildFile; fileRef = E6FB7DC0184505B10075E460 /* Path.m */; };
/* End PBXBuildFile section */

/* Begin PBXContainerItemProxy section */
		E621407E182BA53800EC5C21 /* PBXContainerItemProxy */ = {
			isa = PBXContainerItemProxy;
			containerPortal = E6214049182BA53800EC5C21 /* Project object */;
			proxyType = 1;
			remoteGlobalIDString = E6214050182BA53800EC5C21;
			remoteInfo = SpacePuzzle;
		};
/* End PBXContainerItemProxy section */

/* Begin PBXFileReference section */
		77010764183E010D00AAF564 /* StarButton.h */ = {isa = PBXFileReference; fileEncoding = 4; lastKnownFileType = sourcecode.c.h; path = StarButton.h; sourceTree = "<group>"; };
		77010765183E010D00AAF564 /* StarButton.m */ = {isa = PBXFileReference; fileEncoding = 4; lastKnownFileType = sourcecode.c.objc; path = StarButton.m; sourceTree = "<group>"; };
		77010767183E0FB500AAF564 /* BridgeButton.h */ = {isa = PBXFileReference; fileEncoding = 4; lastKnownFileType = sourcecode.c.h; path = BridgeButton.h; sourceTree = "<group>"; };
		77010768183E0FB500AAF564 /* BridgeButton.m */ = {isa = PBXFileReference; fileEncoding = 4; lastKnownFileType = sourcecode.c.objc; path = BridgeButton.m; sourceTree = "<group>"; };
		7701076A183E0FFB00AAF564 /* Bridge.h */ = {isa = PBXFileReference; fileEncoding = 4; lastKnownFileType = sourcecode.c.h; path = Bridge.h; sourceTree = "<group>"; };
		7701076B183E0FFB00AAF564 /* Bridge.m */ = {isa = PBXFileReference; fileEncoding = 4; lastKnownFileType = sourcecode.c.objc; path = Bridge.m; sourceTree = "<group>"; };
		7705C3A518477A4600CEB0C9 /* BigLWalk.atlasc */ = {isa = PBXFileReference; lastKnownFileType = folder; path = BigLWalk.atlasc; sourceTree = "<group>"; };
		7705C3A618477A4600CEB0C9 /* BigLWalk.h */ = {isa = PBXFileReference; fileEncoding = 4; lastKnownFileType = sourcecode.c.h; path = BigLWalk.h; sourceTree = "<group>"; };
		7797AC1F183CE9F500E63E95 /* Box.png */ = {isa = PBXFileReference; lastKnownFileType = image.png; path = Box.png; sourceTree = "<group>"; };
		7797AC21183CE9F500E63E95 /* BridgeON.png */ = {isa = PBXFileReference; lastKnownFileType = image.png; path = BridgeON.png; sourceTree = "<group>"; };
		7797AC24183CE9F500E63E95 /* ButtonON.png */ = {isa = PBXFileReference; lastKnownFileType = image.png; path = ButtonON.png; sourceTree = "<group>"; };
		7797AC25183CE9F500E63E95 /* Finish.png */ = {isa = PBXFileReference; lastKnownFileType = image.png; path = Finish.png; sourceTree = "<group>"; };
		7797AC26183CE9F500E63E95 /* Rock.png */ = {isa = PBXFileReference; lastKnownFileType = image.png; path = Rock.png; sourceTree = "<group>"; };
		7797AC27183CE9F500E63E95 /* Star.png */ = {isa = PBXFileReference; lastKnownFileType = image.png; path = Star.png; sourceTree = "<group>"; };
		7797AC28183CE9F500E63E95 /* Start.gif */ = {isa = PBXFileReference; lastKnownFileType = image.gif; path = Start.gif; sourceTree = "<group>"; };
		7797AC2A183CE9F500E63E95 /* SwitchON.png */ = {isa = PBXFileReference; lastKnownFileType = image.png; path = SwitchON.png; sourceTree = "<group>"; };
		7797AC2C183CE9F500E63E95 /* Background.png */ = {isa = PBXFileReference; lastKnownFileType = image.png; path = Background.png; sourceTree = "<group>"; };
		7797AC2E183CE9F500E63E95 /* Cracked.png */ = {isa = PBXFileReference; lastKnownFileType = image.png; path = Cracked.png; sourceTree = "<group>"; };
		7797AC30183CE9F500E63E95 /* solidtile.png */ = {isa = PBXFileReference; lastKnownFileType = image.png; path = solidtile.png; sourceTree = "<group>"; };
		7797AC31183CE9F500E63E95 /* voidtile.png */ = {isa = PBXFileReference; lastKnownFileType = image.png; path = voidtile.png; sourceTree = "<group>"; };
		7797AC33183CE9F500E63E95 /* Alien.png */ = {isa = PBXFileReference; lastKnownFileType = image.png; path = Alien.png; sourceTree = "<group>"; };
		7797AC34183CE9F500E63E95 /* Astronaut.png */ = {isa = PBXFileReference; lastKnownFileType = image.png; path = Astronaut.png; sourceTree = "<group>"; };
		779DB363183E32030059A084 /* PlatformLever.h */ = {isa = PBXFileReference; fileEncoding = 4; lastKnownFileType = sourcecode.c.h; path = PlatformLever.h; sourceTree = "<group>"; };
		779DB364183E32030059A084 /* PlatformLever.m */ = {isa = PBXFileReference; fileEncoding = 4; lastKnownFileType = sourcecode.c.objc; path = PlatformLever.m; sourceTree = "<group>"; };
		779DB366183E32560059A084 /* MovingPlatform.h */ = {isa = PBXFileReference; fileEncoding = 4; lastKnownFileType = sourcecode.c.h; path = MovingPlatform.h; sourceTree = "<group>"; };
		779DB367183E32560059A084 /* MovingPlatform.m */ = {isa = PBXFileReference; fileEncoding = 4; lastKnownFileType = sourcecode.c.objc; path = MovingPlatform.m; sourceTree = "<group>"; };
		779EF6A6183F608C0097441A /* MovingPlatform.png */ = {isa = PBXFileReference; lastKnownFileType = image.png; path = MovingPlatform.png; sourceTree = "<group>"; };
		77D60721184373F40079A182 /* AlienDown.png */ = {isa = PBXFileReference; lastKnownFileType = image.png; name = AlienDown.png; path = ../Units/AlienDown.png; sourceTree = "<group>"; };
		77D60722184373F40079A182 /* AlienLeft.png */ = {isa = PBXFileReference; lastKnownFileType = image.png; name = AlienLeft.png; path = ../Units/AlienLeft.png; sourceTree = "<group>"; };
		77D60723184373F40079A182 /* AlienRight.png */ = {isa = PBXFileReference; lastKnownFileType = image.png; name = AlienRight.png; path = ../Units/AlienRight.png; sourceTree = "<group>"; };
		77D60724184373F40079A182 /* AlienUp.png */ = {isa = PBXFileReference; lastKnownFileType = image.png; name = AlienUp.png; path = ../Units/AlienUp.png; sourceTree = "<group>"; };
		77D60725184373F40079A182 /* AstroDown.png */ = {isa = PBXFileReference; lastKnownFileType = image.png; name = AstroDown.png; path = ../Units/AstroDown.png; sourceTree = "<group>"; };
		77D60726184373F40079A182 /* AstroLeft.png */ = {isa = PBXFileReference; lastKnownFileType = image.png; name = AstroLeft.png; path = ../Units/AstroLeft.png; sourceTree = "<group>"; };
		77D6072D184374030079A182 /* AstroRight.png */ = {isa = PBXFileReference; lastKnownFileType = image.png; name = AstroRight.png; path = ../Units/AstroRight.png; sourceTree = "<group>"; };
		77D6072E184374030079A182 /* AstroUp.png */ = {isa = PBXFileReference; lastKnownFileType = image.png; name = AstroUp.png; path = ../Units/AstroUp.png; sourceTree = "<group>"; };
		77F0A81A1845FF28002FA17A /* AnimationFactory.h */ = {isa = PBXFileReference; fileEncoding = 4; lastKnownFileType = sourcecode.c.h; path = AnimationFactory.h; sourceTree = "<group>"; };
		77F0A81B1845FF28002FA17A /* AnimationFactory.m */ = {isa = PBXFileReference; fileEncoding = 4; lastKnownFileType = sourcecode.c.objc; path = AnimationFactory.m; sourceTree = "<group>"; };
		77F0A82118464495002FA17A /* LittleJohnWalk.atlasc */ = {isa = PBXFileReference; lastKnownFileType = folder; path = LittleJohnWalk.atlasc; sourceTree = "<group>"; };
		77F0A82218464495002FA17A /* LittleJohnWalk.h */ = {isa = PBXFileReference; fileEncoding = 4; lastKnownFileType = sourcecode.c.h; path = LittleJohnWalk.h; sourceTree = "<group>"; };
		E6057675183619120033AE88 /* Box.h */ = {isa = PBXFileReference; fileEncoding = 4; lastKnownFileType = sourcecode.c.h; path = Box.h; sourceTree = "<group>"; };
		E6057676183619120033AE88 /* Box.m */ = {isa = PBXFileReference; fileEncoding = 4; lastKnownFileType = sourcecode.c.objc; path = Box.m; sourceTree = "<group>"; };
		E60C69FF183B94F000D6FA14 /* Star.h */ = {isa = PBXFileReference; fileEncoding = 4; lastKnownFileType = sourcecode.c.h; path = Star.h; sourceTree = "<group>"; };
		E60C6A00183B94F000D6FA14 /* Star.m */ = {isa = PBXFileReference; fileEncoding = 4; lastKnownFileType = sourcecode.c.objc; path = Star.m; sourceTree = "<group>"; };
		E60C6A08183BB19F00D6FA14 /* Player.h */ = {isa = PBXFileReference; fileEncoding = 4; lastKnownFileType = sourcecode.c.h; path = Player.h; sourceTree = "<group>"; };
		E60C6A09183BB19F00D6FA14 /* Player.m */ = {isa = PBXFileReference; fileEncoding = 4; lastKnownFileType = sourcecode.c.objc; path = Player.m; sourceTree = "<group>"; };
		E60DA7751848A1370088AB3D /* Bridge.png */ = {isa = PBXFileReference; lastKnownFileType = image.png; path = Bridge.png; sourceTree = "<group>"; };
		E60DA7771848A1880088AB3D /* PlatformLever.png */ = {isa = PBXFileReference; lastKnownFileType = image.png; path = PlatformLever.png; sourceTree = "<group>"; };
		E60DA7791848A2350088AB3D /* BridgeButton.png */ = {isa = PBXFileReference; lastKnownFileType = image.png; path = BridgeButton.png; sourceTree = "<group>"; };
		E60DA77A1848A2350088AB3D /* StarButton.png */ = {isa = PBXFileReference; lastKnownFileType = image.png; path = StarButton.png; sourceTree = "<group>"; };
		E6214051182BA53800EC5C21 /* SpacePuzzle.app */ = {isa = PBXFileReference; explicitFileType = wrapper.application; includeInIndex = 0; path = SpacePuzzle.app; sourceTree = BUILT_PRODUCTS_DIR; };
		E6214054182BA53800EC5C21 /* Foundation.framework */ = {isa = PBXFileReference; lastKnownFileType = wrapper.framework; name = Foundation.framework; path = System/Library/Frameworks/Foundation.framework; sourceTree = SDKROOT; };
		E6214056182BA53800EC5C21 /* CoreGraphics.framework */ = {isa = PBXFileReference; lastKnownFileType = wrapper.framework; name = CoreGraphics.framework; path = System/Library/Frameworks/CoreGraphics.framework; sourceTree = SDKROOT; };
		E6214058182BA53800EC5C21 /* UIKit.framework */ = {isa = PBXFileReference; lastKnownFileType = wrapper.framework; name = UIKit.framework; path = System/Library/Frameworks/UIKit.framework; sourceTree = SDKROOT; };
		E621405A182BA53800EC5C21 /* SpriteKit.framework */ = {isa = PBXFileReference; lastKnownFileType = wrapper.framework; name = SpriteKit.framework; path = System/Library/Frameworks/SpriteKit.framework; sourceTree = SDKROOT; };
		E621405E182BA53800EC5C21 /* SpacePuzzle-Info.plist */ = {isa = PBXFileReference; lastKnownFileType = text.plist.xml; path = "SpacePuzzle-Info.plist"; sourceTree = "<group>"; };
		E6214060182BA53800EC5C21 /* en */ = {isa = PBXFileReference; lastKnownFileType = text.plist.strings; name = en; path = en.lproj/InfoPlist.strings; sourceTree = "<group>"; };
		E6214062182BA53800EC5C21 /* main.m */ = {isa = PBXFileReference; lastKnownFileType = sourcecode.c.objc; path = main.m; sourceTree = "<group>"; };
		E6214064182BA53800EC5C21 /* SpacePuzzle-Prefix.pch */ = {isa = PBXFileReference; lastKnownFileType = sourcecode.c.h; path = "SpacePuzzle-Prefix.pch"; sourceTree = "<group>"; };
		E6214065182BA53800EC5C21 /* GViewAppDelegate.h */ = {isa = PBXFileReference; lastKnownFileType = sourcecode.c.h; path = GViewAppDelegate.h; sourceTree = "<group>"; };
		E6214066182BA53800EC5C21 /* GViewAppDelegate.m */ = {isa = PBXFileReference; lastKnownFileType = sourcecode.c.objc; path = GViewAppDelegate.m; sourceTree = "<group>"; };
		E6214069182BA53800EC5C21 /* Base */ = {isa = PBXFileReference; lastKnownFileType = file.storyboard; name = Base; path = Base.lproj/Main.storyboard; sourceTree = "<group>"; };
		E621406B182BA53800EC5C21 /* SpacePuzzleController.h */ = {isa = PBXFileReference; lastKnownFileType = sourcecode.c.h; path = SpacePuzzleController.h; sourceTree = "<group>"; };
		E621406C182BA53800EC5C21 /* SpacePuzzleController.m */ = {isa = PBXFileReference; lastKnownFileType = sourcecode.c.objc; path = SpacePuzzleController.m; sourceTree = "<group>"; };
		E621406E182BA53800EC5C21 /* MainScene.h */ = {isa = PBXFileReference; lastKnownFileType = sourcecode.c.h; path = MainScene.h; sourceTree = "<group>"; };
		E621406F182BA53800EC5C21 /* MainScene.m */ = {isa = PBXFileReference; lastKnownFileType = sourcecode.c.objc; path = MainScene.m; sourceTree = "<group>"; };
		E6214073182BA53800EC5C21 /* Images.xcassets */ = {isa = PBXFileReference; lastKnownFileType = folder.assetcatalog; path = Images.xcassets; sourceTree = "<group>"; };
		E6214079182BA53800EC5C21 /* SpacePuzzleTests.xctest */ = {isa = PBXFileReference; explicitFileType = wrapper.cfbundle; includeInIndex = 0; path = SpacePuzzleTests.xctest; sourceTree = BUILT_PRODUCTS_DIR; };
		E621407A182BA53800EC5C21 /* XCTest.framework */ = {isa = PBXFileReference; lastKnownFileType = wrapper.framework; name = XCTest.framework; path = Library/Frameworks/XCTest.framework; sourceTree = DEVELOPER_DIR; };
		E6214082182BA53800EC5C21 /* SpacePuzzleTests-Info.plist */ = {isa = PBXFileReference; lastKnownFileType = text.plist.xml; path = "SpacePuzzleTests-Info.plist"; sourceTree = "<group>"; };
		E6214084182BA53800EC5C21 /* en */ = {isa = PBXFileReference; lastKnownFileType = text.plist.strings; name = en; path = en.lproj/InfoPlist.strings; sourceTree = "<group>"; };
		E6214086182BA53800EC5C21 /* SpacePuzzleTests.m */ = {isa = PBXFileReference; lastKnownFileType = sourcecode.c.objc; path = SpacePuzzleTests.m; sourceTree = "<group>"; };
		E63306781835018A00E908F7 /* XMLParser.h */ = {isa = PBXFileReference; fileEncoding = 4; lastKnownFileType = sourcecode.c.h; name = XMLParser.h; path = ../../SpacePuzzleEditor/SpacePuzzleEditor/XMLParser.h; sourceTree = "<group>"; };
		E63306791835018A00E908F7 /* XMLParser.m */ = {isa = PBXFileReference; fileEncoding = 4; lastKnownFileType = sourcecode.c.objc; name = XMLParser.m; path = ../../SpacePuzzleEditor/SpacePuzzleEditor/XMLParser.m; sourceTree = "<group>"; };
		E687AE4C183A43EB00A5B78C /* mario.splvl */ = {isa = PBXFileReference; fileEncoding = 4; lastKnownFileType = text; name = mario.splvl; path = ../../Levels/mario.splvl; sourceTree = "<group>"; };
		E6E657FB182BB7BD0022BF5F /* Macros.h */ = {isa = PBXFileReference; fileEncoding = 4; lastKnownFileType = sourcecode.c.h; path = Macros.h; sourceTree = "<group>"; };
		E6E657FC182BB8C50022BF5F /* Board.h */ = {isa = PBXFileReference; fileEncoding = 4; lastKnownFileType = sourcecode.c.h; path = Board.h; sourceTree = "<group>"; };
		E6E657FD182BB8C50022BF5F /* Board.m */ = {isa = PBXFileReference; fileEncoding = 4; lastKnownFileType = sourcecode.c.objc; path = Board.m; sourceTree = "<group>"; };
		E6E657FF182BB9020022BF5F /* Position.h */ = {isa = PBXFileReference; fileEncoding = 4; lastKnownFileType = sourcecode.c.h; path = Position.h; sourceTree = "<group>"; };
		E6E65800182BB9020022BF5F /* Position.m */ = {isa = PBXFileReference; fileEncoding = 4; lastKnownFileType = sourcecode.c.objc; path = Position.m; sourceTree = "<group>"; };
		E6E65802182BBAB30022BF5F /* BoardCoord.h */ = {isa = PBXFileReference; fileEncoding = 4; lastKnownFileType = sourcecode.c.h; path = BoardCoord.h; sourceTree = "<group>"; };
		E6E65803182BBAB30022BF5F /* BoardCoord.m */ = {isa = PBXFileReference; fileEncoding = 4; lastKnownFileType = sourcecode.c.objc; path = BoardCoord.m; sourceTree = "<group>"; };
		E6E65809182BC2CE0022BF5F /* Element.h */ = {isa = PBXFileReference; fileEncoding = 4; lastKnownFileType = sourcecode.c.h; path = Element.h; sourceTree = "<group>"; };
		E6E6580A182BC2CE0022BF5F /* Element.m */ = {isa = PBXFileReference; fileEncoding = 4; lastKnownFileType = sourcecode.c.objc; path = Element.m; sourceTree = "<group>"; };
		E6E6580C182BC3C50022BF5F /* BigL.h */ = {isa = PBXFileReference; fileEncoding = 4; lastKnownFileType = sourcecode.c.h; path = BigL.h; sourceTree = "<group>"; };
		E6E6580D182BC3C50022BF5F /* BigL.m */ = {isa = PBXFileReference; fileEncoding = 4; lastKnownFileType = sourcecode.c.objc; path = BigL.m; sourceTree = "<group>"; };
		E6E65813182BC82E0022BF5F /* LittleJohn.h */ = {isa = PBXFileReference; fileEncoding = 4; lastKnownFileType = sourcecode.c.h; path = LittleJohn.h; sourceTree = "<group>"; };
		E6E65814182BC82E0022BF5F /* LittleJohn.m */ = {isa = PBXFileReference; fileEncoding = 4; lastKnownFileType = sourcecode.c.objc; path = LittleJohn.m; sourceTree = "<group>"; };
		E6E65817182BC9390022BF5F /* Unit.h */ = {isa = PBXFileReference; fileEncoding = 4; lastKnownFileType = sourcecode.c.h; path = Unit.h; sourceTree = "<group>"; };
		E6E65818182BC9390022BF5F /* Unit.m */ = {isa = PBXFileReference; fileEncoding = 4; lastKnownFileType = sourcecode.c.objc; path = Unit.m; sourceTree = "<group>"; };
		E6E6581A182BCD660022BF5F /* Converter.h */ = {isa = PBXFileReference; fileEncoding = 4; lastKnownFileType = sourcecode.c.h; path = Converter.h; sourceTree = "<group>"; };
		E6E6581B182BCD660022BF5F /* Converter.m */ = {isa = PBXFileReference; fileEncoding = 4; lastKnownFileType = sourcecode.c.objc; path = Converter.m; sourceTree = "<group>"; };
		E6FB7DBF184505B10075E460 /* Path.h */ = {isa = PBXFileReference; fileEncoding = 4; lastKnownFileType = sourcecode.c.h; path = Path.h; sourceTree = "<group>"; };
		E6FB7DC0184505B10075E460 /* Path.m */ = {isa = PBXFileReference; fileEncoding = 4; lastKnownFileType = sourcecode.c.objc; path = Path.m; sourceTree = "<group>"; };
/* End PBXFileReference section */

/* Begin PBXFrameworksBuildPhase section */
		E621404E182BA53800EC5C21 /* Frameworks */ = {
			isa = PBXFrameworksBuildPhase;
			buildActionMask = 2147483647;
			files = (
				E6214057182BA53800EC5C21 /* CoreGraphics.framework in Frameworks */,
				E6214059182BA53800EC5C21 /* UIKit.framework in Frameworks */,
				E621405B182BA53800EC5C21 /* SpriteKit.framework in Frameworks */,
				E6214055182BA53800EC5C21 /* Foundation.framework in Frameworks */,
			);
			runOnlyForDeploymentPostprocessing = 0;
		};
		E6214076182BA53800EC5C21 /* Frameworks */ = {
			isa = PBXFrameworksBuildPhase;
			buildActionMask = 2147483647;
			files = (
				E621407B182BA53800EC5C21 /* XCTest.framework in Frameworks */,
				E621407D182BA53800EC5C21 /* UIKit.framework in Frameworks */,
				E621407C182BA53800EC5C21 /* Foundation.framework in Frameworks */,
			);
			runOnlyForDeploymentPostprocessing = 0;
		};
/* End PBXFrameworksBuildPhase section */

/* Begin PBXGroup section */
		7797AC1E183CE9F500E63E95 /* Elements */ = {
			isa = PBXGroup;
			children = (
				E60DA7791848A2350088AB3D /* BridgeButton.png */,
				E60DA77A1848A2350088AB3D /* StarButton.png */,
				E60DA7771848A1880088AB3D /* PlatformLever.png */,
				E60DA7751848A1370088AB3D /* Bridge.png */,
				77D6072D184374030079A182 /* AstroRight.png */,
				77D6072E184374030079A182 /* AstroUp.png */,
				77D60721184373F40079A182 /* AlienDown.png */,
				77D60722184373F40079A182 /* AlienLeft.png */,
				77D60723184373F40079A182 /* AlienRight.png */,
				77D60724184373F40079A182 /* AlienUp.png */,
				77D60725184373F40079A182 /* AstroDown.png */,
				77D60726184373F40079A182 /* AstroLeft.png */,
				779EF6A6183F608C0097441A /* MovingPlatform.png */,
				7797AC1F183CE9F500E63E95 /* Box.png */,
				7797AC21183CE9F500E63E95 /* BridgeON.png */,
				7797AC24183CE9F500E63E95 /* ButtonON.png */,
				7797AC25183CE9F500E63E95 /* Finish.png */,
				7797AC26183CE9F500E63E95 /* Rock.png */,
				7797AC27183CE9F500E63E95 /* Star.png */,
				7797AC28183CE9F500E63E95 /* Start.gif */,
				7797AC2A183CE9F500E63E95 /* SwitchON.png */,
			);
			name = Elements;
			path = ../../Resources/Elements;
			sourceTree = "<group>";
		};
		7797AC2B183CE9F500E63E95 /* Interface */ = {
			isa = PBXGroup;
			children = (
				7797AC2C183CE9F500E63E95 /* Background.png */,
			);
			name = Interface;
			path = ../../Resources/Interface;
			sourceTree = "<group>";
		};
		7797AC2D183CE9F500E63E95 /* Tiles */ = {
			isa = PBXGroup;
			children = (
				7797AC2E183CE9F500E63E95 /* Cracked.png */,
				7797AC30183CE9F500E63E95 /* solidtile.png */,
				7797AC31183CE9F500E63E95 /* voidtile.png */,
			);
			name = Tiles;
			path = ../../Resources/Tiles;
			sourceTree = "<group>";
		};
		7797AC32183CE9F500E63E95 /* Units */ = {
			isa = PBXGroup;
			children = (
				7797AC33183CE9F500E63E95 /* Alien.png */,
				7797AC34183CE9F500E63E95 /* Astronaut.png */,
			);
			name = Units;
			path = ../../Resources/Units;
			sourceTree = "<group>";
		};
		77F0A81D1845FF53002FA17A /* Animations */ = {
			isa = PBXGroup;
			children = (
				7705C3A518477A4600CEB0C9 /* BigLWalk.atlasc */,
				7705C3A618477A4600CEB0C9 /* BigLWalk.h */,
				77F0A82118464495002FA17A /* LittleJohnWalk.atlasc */,
				77F0A82218464495002FA17A /* LittleJohnWalk.h */,
				77F0A81A1845FF28002FA17A /* AnimationFactory.h */,
				77F0A81B1845FF28002FA17A /* AnimationFactory.m */,
			);
			name = Animations;
			sourceTree = "<group>";
		};
		E6057678183619520033AE88 /* Elements */ = {
			isa = PBXGroup;
			children = (
				E6E65809182BC2CE0022BF5F /* Element.h */,
				E6E6580A182BC2CE0022BF5F /* Element.m */,
				E60C69FF183B94F000D6FA14 /* Star.h */,
				E60C6A00183B94F000D6FA14 /* Star.m */,
				E6057675183619120033AE88 /* Box.h */,
				E6057676183619120033AE88 /* Box.m */,
				77010764183E010D00AAF564 /* StarButton.h */,
				77010765183E010D00AAF564 /* StarButton.m */,
				77010767183E0FB500AAF564 /* BridgeButton.h */,
				77010768183E0FB500AAF564 /* BridgeButton.m */,
				7701076A183E0FFB00AAF564 /* Bridge.h */,
				7701076B183E0FFB00AAF564 /* Bridge.m */,
				779DB363183E32030059A084 /* PlatformLever.h */,
				779DB364183E32030059A084 /* PlatformLever.m */,
				779DB366183E32560059A084 /* MovingPlatform.h */,
				779DB367183E32560059A084 /* MovingPlatform.m */,
			);
			name = Elements;
			sourceTree = "<group>";
		};
		E605768118362BC70033AE88 /* Resources */ = {
			isa = PBXGroup;
			children = (
				7797AC1E183CE9F500E63E95 /* Elements */,
				7797AC2B183CE9F500E63E95 /* Interface */,
				7797AC2D183CE9F500E63E95 /* Tiles */,
				7797AC32183CE9F500E63E95 /* Units */,
			);
			name = Resources;
			sourceTree = "<group>";
		};
		E6214048182BA53800EC5C21 = {
			isa = PBXGroup;
			children = (
				E621405C182BA53800EC5C21 /* SpacePuzzle */,
				E6214080182BA53800EC5C21 /* SpacePuzzleTests */,
				E6214053182BA53800EC5C21 /* Frameworks */,
				E6214052182BA53800EC5C21 /* Products */,
			);
			sourceTree = "<group>";
		};
		E6214052182BA53800EC5C21 /* Products */ = {
			isa = PBXGroup;
			children = (
				E6214051182BA53800EC5C21 /* SpacePuzzle.app */,
				E6214079182BA53800EC5C21 /* SpacePuzzleTests.xctest */,
			);
			name = Products;
			sourceTree = "<group>";
		};
		E6214053182BA53800EC5C21 /* Frameworks */ = {
			isa = PBXGroup;
			children = (
				E6214054182BA53800EC5C21 /* Foundation.framework */,
				E6214056182BA53800EC5C21 /* CoreGraphics.framework */,
				E6214058182BA53800EC5C21 /* UIKit.framework */,
				E621405A182BA53800EC5C21 /* SpriteKit.framework */,
				E621407A182BA53800EC5C21 /* XCTest.framework */,
			);
			name = Frameworks;
			sourceTree = "<group>";
		};
		E621405C182BA53800EC5C21 /* SpacePuzzle */ = {
			isa = PBXGroup;
			children = (
				E6214068182BA53800EC5C21 /* Main.storyboard */,
				E6214065182BA53800EC5C21 /* GViewAppDelegate.h */,
				E6214066182BA53800EC5C21 /* GViewAppDelegate.m */,
				E621406B182BA53800EC5C21 /* SpacePuzzleController.h */,
				E621406C182BA53800EC5C21 /* SpacePuzzleController.m */,
				E621406E182BA53800EC5C21 /* MainScene.h */,
				E621406F182BA53800EC5C21 /* MainScene.m */,
				E63306781835018A00E908F7 /* XMLParser.h */,
				E63306791835018A00E908F7 /* XMLParser.m */,
				E6E65812182BC5B40022BF5F /* Model */,
				E6E65808182BC2820022BF5F /* Utility */,
				E6214073182BA53800EC5C21 /* Images.xcassets */,
				E687AE4E183A440F00A5B78C /* Levels */,
				E605768118362BC70033AE88 /* Resources */,
				E621405D182BA53800EC5C21 /* Supporting Files */,
				77F0A81D1845FF53002FA17A /* Animations */,
			);
			path = SpacePuzzle;
			sourceTree = "<group>";
		};
		E621405D182BA53800EC5C21 /* Supporting Files */ = {
			isa = PBXGroup;
			children = (
				E621405E182BA53800EC5C21 /* SpacePuzzle-Info.plist */,
				E621405F182BA53800EC5C21 /* InfoPlist.strings */,
				E6214062182BA53800EC5C21 /* main.m */,
				E6214064182BA53800EC5C21 /* SpacePuzzle-Prefix.pch */,
			);
			name = "Supporting Files";
			sourceTree = "<group>";
		};
		E6214080182BA53800EC5C21 /* SpacePuzzleTests */ = {
			isa = PBXGroup;
			children = (
				E6214086182BA53800EC5C21 /* SpacePuzzleTests.m */,
				E6214081182BA53800EC5C21 /* Supporting Files */,
			);
			path = SpacePuzzleTests;
			sourceTree = "<group>";
		};
		E6214081182BA53800EC5C21 /* Supporting Files */ = {
			isa = PBXGroup;
			children = (
				E6214082182BA53800EC5C21 /* SpacePuzzleTests-Info.plist */,
				E6214083182BA53800EC5C21 /* InfoPlist.strings */,
			);
			name = "Supporting Files";
			sourceTree = "<group>";
		};
		E687AE4E183A440F00A5B78C /* Levels */ = {
			isa = PBXGroup;
			children = (
				E687AE4C183A43EB00A5B78C /* mario.splvl */,
			);
			name = Levels;
			sourceTree = "<group>";
		};
		E6E65807182BC2690022BF5F /* Board */ = {
			isa = PBXGroup;
			children = (
				E6E657FF182BB9020022BF5F /* Position.h */,
				E6E65800182BB9020022BF5F /* Position.m */,
				E6E657FC182BB8C50022BF5F /* Board.h */,
				E6E657FD182BB8C50022BF5F /* Board.m */,
				E6E65802182BBAB30022BF5F /* BoardCoord.h */,
				E6E65803182BBAB30022BF5F /* BoardCoord.m */,
			);
			name = Board;
			sourceTree = "<group>";
		};
		E6E65808182BC2820022BF5F /* Utility */ = {
			isa = PBXGroup;
			children = (
				E6E6581A182BCD660022BF5F /* Converter.h */,
				E6E6581B182BCD660022BF5F /* Converter.m */,
				E6E657FB182BB7BD0022BF5F /* Macros.h */,
			);
			name = Utility;
			sourceTree = "<group>";
		};
		E6E65812182BC5B40022BF5F /* Model */ = {
			isa = PBXGroup;
			children = (
				E6FB7DBF184505B10075E460 /* Path.h */,
				E6FB7DC0184505B10075E460 /* Path.m */,
				E60C6A08183BB19F00D6FA14 /* Player.h */,
				E60C6A09183BB19F00D6FA14 /* Player.m */,
				E6E65807182BC2690022BF5F /* Board */,
				E6E65816182BC9010022BF5F /* Units */,
				E6057678183619520033AE88 /* Elements */,
			);
			name = Model;
			sourceTree = "<group>";
		};
		E6E65816182BC9010022BF5F /* Units */ = {
			isa = PBXGroup;
			children = (
				E6E65817182BC9390022BF5F /* Unit.h */,
				E6E65818182BC9390022BF5F /* Unit.m */,
				E6E6580C182BC3C50022BF5F /* BigL.h */,
				E6E6580D182BC3C50022BF5F /* BigL.m */,
				E6E65813182BC82E0022BF5F /* LittleJohn.h */,
				E6E65814182BC82E0022BF5F /* LittleJohn.m */,
			);
			name = Units;
			sourceTree = "<group>";
		};
/* End PBXGroup section */

/* Begin PBXNativeTarget section */
		E6214050182BA53800EC5C21 /* SpacePuzzle */ = {
			isa = PBXNativeTarget;
			buildConfigurationList = E621408A182BA53800EC5C21 /* Build configuration list for PBXNativeTarget "SpacePuzzle" */;
			buildPhases = (
				E621404D182BA53800EC5C21 /* Sources */,
				E621404E182BA53800EC5C21 /* Frameworks */,
				E621404F182BA53800EC5C21 /* Resources */,
			);
			buildRules = (
			);
			dependencies = (
			);
			name = SpacePuzzle;
			productName = SpacePuzzle;
			productReference = E6214051182BA53800EC5C21 /* SpacePuzzle.app */;
			productType = "com.apple.product-type.application";
		};
		E6214078182BA53800EC5C21 /* SpacePuzzleTests */ = {
			isa = PBXNativeTarget;
			buildConfigurationList = E621408D182BA53800EC5C21 /* Build configuration list for PBXNativeTarget "SpacePuzzleTests" */;
			buildPhases = (
				E6214075182BA53800EC5C21 /* Sources */,
				E6214076182BA53800EC5C21 /* Frameworks */,
				E6214077182BA53800EC5C21 /* Resources */,
			);
			buildRules = (
			);
			dependencies = (
				E621407F182BA53800EC5C21 /* PBXTargetDependency */,
			);
			name = SpacePuzzleTests;
			productName = SpacePuzzleTests;
			productReference = E6214079182BA53800EC5C21 /* SpacePuzzleTests.xctest */;
			productType = "com.apple.product-type.bundle.unit-test";
		};
/* End PBXNativeTarget section */

/* Begin PBXProject section */
		E6214049182BA53800EC5C21 /* Project object */ = {
			isa = PBXProject;
			attributes = {
				CLASSPREFIX = GView;
				LastUpgradeCheck = 0500;
				ORGANIZATIONNAME = WMD;
				TargetAttributes = {
					E6214078182BA53800EC5C21 = {
						TestTargetID = E6214050182BA53800EC5C21;
					};
				};
			};
			buildConfigurationList = E621404C182BA53800EC5C21 /* Build configuration list for PBXProject "SpacePuzzle" */;
			compatibilityVersion = "Xcode 3.2";
			developmentRegion = English;
			hasScannedForEncodings = 0;
			knownRegions = (
				en,
				Base,
			);
			mainGroup = E6214048182BA53800EC5C21;
			productRefGroup = E6214052182BA53800EC5C21 /* Products */;
			projectDirPath = "";
			projectRoot = "";
			targets = (
				E6214050182BA53800EC5C21 /* SpacePuzzle */,
				E6214078182BA53800EC5C21 /* SpacePuzzleTests */,
			);
		};
/* End PBXProject section */

/* Begin PBXResourcesBuildPhase section */
		E621404F182BA53800EC5C21 /* Resources */ = {
			isa = PBXResourcesBuildPhase;
			buildActionMask = 2147483647;
			files = (
				7797AC36183CE9F500E63E95 /* Box.png in Resources */,
				7797AC47183CE9F500E63E95 /* Alien.png in Resources */,
				7797AC48183CE9F500E63E95 /* Astronaut.png in Resources */,
				E60DA7781848A1880088AB3D /* PlatformLever.png in Resources */,
				77D6072C184373F40079A182 /* AstroLeft.png in Resources */,
				E6214061182BA53800EC5C21 /* InfoPlist.strings in Resources */,
				77D6072B184373F40079A182 /* AstroDown.png in Resources */,
				E60DA7761848A1370088AB3D /* Bridge.png in Resources */,
				7797AC3E183CE9F500E63E95 /* Star.png in Resources */,
				77D6072F184374030079A182 /* AstroRight.png in Resources */,
				77D6072A184373F40079A182 /* AlienUp.png in Resources */,
				77D60728184373F40079A182 /* AlienLeft.png in Resources */,
				7797AC46183CE9F500E63E95 /* voidtile.png in Resources */,
				7797AC3B183CE9F500E63E95 /* ButtonON.png in Resources */,
				77D60727184373F40079A182 /* AlienDown.png in Resources */,
				7705C3A718477A4600CEB0C9 /* BigLWalk.atlasc in Resources */,
				E687AE4D183A43EB00A5B78C /* mario.splvl in Resources */,
				7797AC3D183CE9F500E63E95 /* Rock.png in Resources */,
				E60DA77B1848A2350088AB3D /* BridgeButton.png in Resources */,
				77F0A82318464495002FA17A /* LittleJohnWalk.atlasc in Resources */,
				E6214074182BA53800EC5C21 /* Images.xcassets in Resources */,
				7797AC42183CE9F500E63E95 /* Background.png in Resources */,
				7797AC38183CE9F500E63E95 /* BridgeON.png in Resources */,
				7797AC3F183CE9F500E63E95 /* Start.gif in Resources */,
				7797AC45183CE9F500E63E95 /* solidtile.png in Resources */,
				7797AC3C183CE9F500E63E95 /* Finish.png in Resources */,
				77D60729184373F40079A182 /* AlienRight.png in Resources */,
				E621406A182BA53800EC5C21 /* Main.storyboard in Resources */,
				E60DA77C1848A2350088AB3D /* StarButton.png in Resources */,
				77D60730184374030079A182 /* AstroUp.png in Resources */,
				7797AC43183CE9F500E63E95 /* Cracked.png in Resources */,
				7797AC41183CE9F500E63E95 /* SwitchON.png in Resources */,
				779EF6A7183F608C0097441A /* MovingPlatform.png in Resources */,
			);
			runOnlyForDeploymentPostprocessing = 0;
		};
		E6214077182BA53800EC5C21 /* Resources */ = {
			isa = PBXResourcesBuildPhase;
			buildActionMask = 2147483647;
			files = (
				E6214085182BA53800EC5C21 /* InfoPlist.strings in Resources */,
			);
			runOnlyForDeploymentPostprocessing = 0;
		};
/* End PBXResourcesBuildPhase section */

/* Begin PBXSourcesBuildPhase section */
		E621404D182BA53800EC5C21 /* Sources */ = {
			isa = PBXSourcesBuildPhase;
			buildActionMask = 2147483647;
			files = (
				E60C6A0A183BB19F00D6FA14 /* Player.m in Sources */,
				E633067A1835018A00E908F7 /* XMLParser.m in Sources */,
				E6FB7DC1184505B10075E460 /* Path.m in Sources */,
				E6E6580B182BC2CE0022BF5F /* Element.m in Sources */,
				779DB368183E32560059A084 /* MovingPlatform.m in Sources */,
				E6E65815182BC82E0022BF5F /* LittleJohn.m in Sources */,
				E6E65801182BB9020022BF5F /* Position.m in Sources */,
				77F0A81C1845FF28002FA17A /* AnimationFactory.m in Sources */,
				779DB365183E32030059A084 /* PlatformLever.m in Sources */,
				E6E6581C182BCD660022BF5F /* Converter.m in Sources */,
				77010766183E010D00AAF564 /* StarButton.m in Sources */,
				E6214063182BA53800EC5C21 /* main.m in Sources */,
				E6057677183619120033AE88 /* Box.m in Sources */,
				E6E6580E182BC3C50022BF5F /* BigL.m in Sources */,
				E6214067182BA53800EC5C21 /* GViewAppDelegate.m in Sources */,
				E621406D182BA53800EC5C21 /* SpacePuzzleController.m in Sources */,
				77010769183E0FB500AAF564 /* BridgeButton.m in Sources */,
				E60C6A01183B94F000D6FA14 /* Star.m in Sources */,
				E6E65804182BBAB30022BF5F /* BoardCoord.m in Sources */,
				E6E65819182BC9390022BF5F /* Unit.m in Sources */,
				E6214070182BA53800EC5C21 /* MainScene.m in Sources */,
				7701076C183E0FFB00AAF564 /* Bridge.m in Sources */,
				E6E657FE182BB8C50022BF5F /* Board.m in Sources */,
			);
			runOnlyForDeploymentPostprocessing = 0;
		};
		E6214075182BA53800EC5C21 /* Sources */ = {
			isa = PBXSourcesBuildPhase;
			buildActionMask = 2147483647;
			files = (
				E6214087182BA53800EC5C21 /* SpacePuzzleTests.m in Sources */,
			);
			runOnlyForDeploymentPostprocessing = 0;
		};
/* End PBXSourcesBuildPhase section */

/* Begin PBXTargetDependency section */
		E621407F182BA53800EC5C21 /* PBXTargetDependency */ = {
			isa = PBXTargetDependency;
			target = E6214050182BA53800EC5C21 /* SpacePuzzle */;
			targetProxy = E621407E182BA53800EC5C21 /* PBXContainerItemProxy */;
		};
/* End PBXTargetDependency section */

/* Begin PBXVariantGroup section */
		E621405F182BA53800EC5C21 /* InfoPlist.strings */ = {
			isa = PBXVariantGroup;
			children = (
				E6214060182BA53800EC5C21 /* en */,
			);
			name = InfoPlist.strings;
			sourceTree = "<group>";
		};
		E6214068182BA53800EC5C21 /* Main.storyboard */ = {
			isa = PBXVariantGroup;
			children = (
				E6214069182BA53800EC5C21 /* Base */,
			);
			name = Main.storyboard;
			sourceTree = "<group>";
		};
		E6214083182BA53800EC5C21 /* InfoPlist.strings */ = {
			isa = PBXVariantGroup;
			children = (
				E6214084182BA53800EC5C21 /* en */,
			);
			name = InfoPlist.strings;
			sourceTree = "<group>";
		};
/* End PBXVariantGroup section */

/* Begin XCBuildConfiguration section */
		E6214088182BA53800EC5C21 /* Debug */ = {
			isa = XCBuildConfiguration;
			buildSettings = {
				ALWAYS_SEARCH_USER_PATHS = NO;
				ARCHS = "$(ARCHS_STANDARD_INCLUDING_64_BIT)";
				CLANG_CXX_LANGUAGE_STANDARD = "gnu++0x";
				CLANG_CXX_LIBRARY = "libc++";
				CLANG_ENABLE_MODULES = YES;
				CLANG_ENABLE_OBJC_ARC = YES;
				CLANG_WARN_BOOL_CONVERSION = YES;
				CLANG_WARN_CONSTANT_CONVERSION = YES;
				CLANG_WARN_DIRECT_OBJC_ISA_USAGE = YES_ERROR;
				CLANG_WARN_EMPTY_BODY = YES;
				CLANG_WARN_ENUM_CONVERSION = YES;
				CLANG_WARN_INT_CONVERSION = YES;
				CLANG_WARN_OBJC_ROOT_CLASS = YES_ERROR;
				CLANG_WARN__DUPLICATE_METHOD_MATCH = YES;
				"CODE_SIGN_IDENTITY[sdk=iphoneos*]" = "iPhone Developer";
				COPY_PHASE_STRIP = NO;
				GCC_C_LANGUAGE_STANDARD = gnu99;
				GCC_DYNAMIC_NO_PIC = NO;
				GCC_OPTIMIZATION_LEVEL = 0;
				GCC_PREPROCESSOR_DEFINITIONS = (
					"DEBUG=1",
					"$(inherited)",
				);
				GCC_SYMBOLS_PRIVATE_EXTERN = NO;
				GCC_WARN_64_TO_32_BIT_CONVERSION = YES;
				GCC_WARN_ABOUT_RETURN_TYPE = YES_ERROR;
				GCC_WARN_UNDECLARED_SELECTOR = YES;
				GCC_WARN_UNINITIALIZED_AUTOS = YES;
				GCC_WARN_UNUSED_FUNCTION = YES;
				GCC_WARN_UNUSED_VARIABLE = YES;
				IPHONEOS_DEPLOYMENT_TARGET = 7.0;
				ONLY_ACTIVE_ARCH = YES;
				SDKROOT = iphoneos;
			};
			name = Debug;
		};
		E6214089182BA53800EC5C21 /* Release */ = {
			isa = XCBuildConfiguration;
			buildSettings = {
				ALWAYS_SEARCH_USER_PATHS = NO;
				ARCHS = "$(ARCHS_STANDARD_INCLUDING_64_BIT)";
				CLANG_CXX_LANGUAGE_STANDARD = "gnu++0x";
				CLANG_CXX_LIBRARY = "libc++";
				CLANG_ENABLE_MODULES = YES;
				CLANG_ENABLE_OBJC_ARC = YES;
				CLANG_WARN_BOOL_CONVERSION = YES;
				CLANG_WARN_CONSTANT_CONVERSION = YES;
				CLANG_WARN_DIRECT_OBJC_ISA_USAGE = YES_ERROR;
				CLANG_WARN_EMPTY_BODY = YES;
				CLANG_WARN_ENUM_CONVERSION = YES;
				CLANG_WARN_INT_CONVERSION = YES;
				CLANG_WARN_OBJC_ROOT_CLASS = YES_ERROR;
				CLANG_WARN__DUPLICATE_METHOD_MATCH = YES;
				"CODE_SIGN_IDENTITY[sdk=iphoneos*]" = "iPhone Developer";
				COPY_PHASE_STRIP = YES;
				ENABLE_NS_ASSERTIONS = NO;
				GCC_C_LANGUAGE_STANDARD = gnu99;
				GCC_WARN_64_TO_32_BIT_CONVERSION = YES;
				GCC_WARN_ABOUT_RETURN_TYPE = YES_ERROR;
				GCC_WARN_UNDECLARED_SELECTOR = YES;
				GCC_WARN_UNINITIALIZED_AUTOS = YES;
				GCC_WARN_UNUSED_FUNCTION = YES;
				GCC_WARN_UNUSED_VARIABLE = YES;
				IPHONEOS_DEPLOYMENT_TARGET = 7.0;
				SDKROOT = iphoneos;
				VALIDATE_PRODUCT = YES;
			};
			name = Release;
		};
		E621408B182BA53800EC5C21 /* Debug */ = {
			isa = XCBuildConfiguration;
			buildSettings = {
				ASSETCATALOG_COMPILER_APPICON_NAME = AppIcon;
				ASSETCATALOG_COMPILER_LAUNCHIMAGE_NAME = LaunchImage;
				CODE_SIGN_IDENTITY = "iPhone Developer: Victor Karlsson (PZ29FQJZQ7)";
				"CODE_SIGN_IDENTITY[sdk=iphoneos*]" = "iPhone Developer: Victor Karlsson (PZ29FQJZQ7)";
				GCC_PRECOMPILE_PREFIX_HEADER = YES;
				GCC_PREFIX_HEADER = "SpacePuzzle/SpacePuzzle-Prefix.pch";
				INFOPLIST_FILE = "SpacePuzzle/SpacePuzzle-Info.plist";
				PRODUCT_NAME = "$(TARGET_NAME)";
				SPRITEKIT_TEXTURE_ATLAS_OUTPUT = YES;
				WRAPPER_EXTENSION = app;
			};
			name = Debug;
		};
		E621408C182BA53800EC5C21 /* Release */ = {
			isa = XCBuildConfiguration;
			buildSettings = {
				ASSETCATALOG_COMPILER_APPICON_NAME = AppIcon;
				ASSETCATALOG_COMPILER_LAUNCHIMAGE_NAME = LaunchImage;
				CODE_SIGN_IDENTITY = "iPhone Developer: Viktor Swantesson (T6KGM6U59E)";
				GCC_PRECOMPILE_PREFIX_HEADER = YES;
				GCC_PREFIX_HEADER = "SpacePuzzle/SpacePuzzle-Prefix.pch";
				INFOPLIST_FILE = "SpacePuzzle/SpacePuzzle-Info.plist";
				PRODUCT_NAME = "$(TARGET_NAME)";
				SPRITEKIT_TEXTURE_ATLAS_OUTPUT = YES;
				WRAPPER_EXTENSION = app;
			};
			name = Release;
		};
		E621408E182BA53800EC5C21 /* Debug */ = {
			isa = XCBuildConfiguration;
			buildSettings = {
				ARCHS = "$(ARCHS_STANDARD_INCLUDING_64_BIT)";
				BUNDLE_LOADER = "$(BUILT_PRODUCTS_DIR)/SpacePuzzle.app/SpacePuzzle";
				FRAMEWORK_SEARCH_PATHS = (
					"$(SDKROOT)/Developer/Library/Frameworks",
					"$(inherited)",
					"$(DEVELOPER_FRAMEWORKS_DIR)",
				);
				GCC_PRECOMPILE_PREFIX_HEADER = YES;
				GCC_PREFIX_HEADER = "SpacePuzzle/SpacePuzzle-Prefix.pch";
				GCC_PREPROCESSOR_DEFINITIONS = (
					"DEBUG=1",
					"$(inherited)",
				);
				INFOPLIST_FILE = "SpacePuzzleTests/SpacePuzzleTests-Info.plist";
				PRODUCT_NAME = "$(TARGET_NAME)";
				TEST_HOST = "$(BUNDLE_LOADER)";
				WRAPPER_EXTENSION = xctest;
			};
			name = Debug;
		};
		E621408F182BA53800EC5C21 /* Release */ = {
			isa = XCBuildConfiguration;
			buildSettings = {
				ARCHS = "$(ARCHS_STANDARD_INCLUDING_64_BIT)";
				BUNDLE_LOADER = "$(BUILT_PRODUCTS_DIR)/SpacePuzzle.app/SpacePuzzle";
				FRAMEWORK_SEARCH_PATHS = (
					"$(SDKROOT)/Developer/Library/Frameworks",
					"$(inherited)",
					"$(DEVELOPER_FRAMEWORKS_DIR)",
				);
				GCC_PRECOMPILE_PREFIX_HEADER = YES;
				GCC_PREFIX_HEADER = "SpacePuzzle/SpacePuzzle-Prefix.pch";
				INFOPLIST_FILE = "SpacePuzzleTests/SpacePuzzleTests-Info.plist";
				PRODUCT_NAME = "$(TARGET_NAME)";
				TEST_HOST = "$(BUNDLE_LOADER)";
				WRAPPER_EXTENSION = xctest;
			};
			name = Release;
		};
/* End XCBuildConfiguration section */

/* Begin XCConfigurationList section */
		E621404C182BA53800EC5C21 /* Build configuration list for PBXProject "SpacePuzzle" */ = {
			isa = XCConfigurationList;
			buildConfigurations = (
				E6214088182BA53800EC5C21 /* Debug */,
				E6214089182BA53800EC5C21 /* Release */,
			);
			defaultConfigurationIsVisible = 0;
			defaultConfigurationName = Release;
		};
		E621408A182BA53800EC5C21 /* Build configuration list for PBXNativeTarget "SpacePuzzle" */ = {
			isa = XCConfigurationList;
			buildConfigurations = (
				E621408B182BA53800EC5C21 /* Debug */,
				E621408C182BA53800EC5C21 /* Release */,
			);
			defaultConfigurationIsVisible = 0;
			defaultConfigurationName = Release;
		};
		E621408D182BA53800EC5C21 /* Build configuration list for PBXNativeTarget "SpacePuzzleTests" */ = {
			isa = XCConfigurationList;
			buildConfigurations = (
				E621408E182BA53800EC5C21 /* Debug */,
				E621408F182BA53800EC5C21 /* Release */,
			);
			defaultConfigurationIsVisible = 0;
			defaultConfigurationName = Release;
		};
/* End XCConfigurationList section */
	};
	rootObject = E6214049182BA53800EC5C21 /* Project object */;
}
